{
    "friendsofsymfony/rest-bundle": {
        "version": "2.2",
        "recipe": {
            "repo": "github.com/symfony/recipes-contrib",
            "branch": "master",
            "version": "2.2",
            "ref": "cad41ef93d6150067ae2bb3c7fd729492dff6f0a"
        },
        "files": [
            "config/packages/fos_rest.yaml"
        ]
    },
    "php": {
        "version": "7.3"
    },
    "steverhoades/oauth2-openid-connect-server": {
        "version": "v1.2.0"
    },
    "willdurand/jsonp-callback-validator": {
        "version": "v1.1.0"
    },
    "willdurand/negotiation": {
        "version": "v2.3.1"
    }
}
